
Microsoft Visual Studio Solution File, Format Version 12.00
# Visual Studio Version 17
VisualStudioVersion = 17.12.35527.113
MinimumVisualStudioVersion = 10.0.40219.1
Project("{FAE04EC0-301F-11D3-BF4B-00C04F79EFBC}") = "HospitalAppointmentSystem", "HospitalAppointmentSystem.csproj", "{86D0A3E3-BBF6-4F84-AD52-83EEAA341A00}"
EndProject
Global
	GlobalSection(SolutionConfigurationPlatforms) = preSolution
		Debug|Any CPU = Debug|Any CPU
		Release|Any CPU = Release|Any CPU
	EndGlobalSection
	GlobalSection(ProjectConfigurationPlatforms) = postSolution
		{86D0A3E3-BBF6-4F84-AD52-83EEAA341A00}.Debug|Any CPU.ActiveCfg = Debug|Any CPU
		{86D0A3E3-BBF6-4F84-AD52-83EEAA341A00}.Debug|Any CPU.Build.0 = Debug|Any CPU
		{86D0A3E3-BBF6-4F84-AD52-83EEAA341A00}.Release|Any CPU.ActiveCfg = Release|Any CPU
		{86D0A3E3-BBF6-4F84-AD52-83EEAA341A00}.Release|Any CPU.Build.0 = Release|Any CPU
	EndGlobalSection
	GlobalSection(SolutionProperties) = preSolution
		HideSolutionNode = FALSE
	EndGlobalSection
EndGlobal
